// !$*UTF8*$!
{
	archiveVersion = 1;
	classes = {
	};
	objectVersion = 46;
	objects = {

/* Begin PBXBuildFile section */
		3DE518B519C65F6600F13406 /* AppDelegate.swift in Sources */ = {isa = PBXBuildFile; fileRef = 3DE518B419C65F6600F13406 /* AppDelegate.swift */; };
		3DE518B719C65F6600F13406 /* ViewController.swift in Sources */ = {isa = PBXBuildFile; fileRef = 3DE518B619C65F6600F13406 /* ViewController.swift */; };
		3DE518BA19C65F6600F13406 /* Main.storyboard in Resources */ = {isa = PBXBuildFile; fileRef = 3DE518B819C65F6600F13406 /* Main.storyboard */; };
		3DE518BC19C65F6600F13406 /* Images.xcassets in Resources */ = {isa = PBXBuildFile; fileRef = 3DE518BB19C65F6600F13406 /* Images.xcassets */; };
		3DE518BF19C65F6600F13406 /* LaunchScreen.xib in Resources */ = {isa = PBXBuildFile; fileRef = 3DE518BD19C65F6600F13406 /* LaunchScreen.xib */; };
		3DE518CB19C65F6600F13406 /* TipCalculatorTests.swift in Sources */ = {isa = PBXBuildFile; fileRef = 3DE518CA19C65F6600F13406 /* TipCalculatorTests.swift */; };
		3DE518D519C6657500F13406 /* ResultsViewController.swift in Sources */ = {isa = PBXBuildFile; fileRef = 3DE518D419C6657500F13406 /* ResultsViewController.swift */; };
/* End PBXBuildFile section */

/* Begin PBXContainerItemProxy section */
		3DE518C519C65F6600F13406 /* PBXContainerItemProxy */ = {
			isa = PBXContainerItemProxy;
			containerPortal = 3DE518A719C65F6600F13406 /* Project object */;
			proxyType = 1;
			remoteGlobalIDString = 3DE518AE19C65F6600F13406;
			remoteInfo = TipCalculator;
		};
/* End PBXContainerItemProxy section */

/* Begin PBXFileReference section */
		3DE518AF19C65F6600F13406 /* TipCalculator.app */ = {isa = PBXFileReference; explicitFileType = wrapper.application; includeInIndex = 0; path = TipCalculator.app; sourceTree = BUILT_PRODUCTS_DIR; };
		3DE518B319C65F6600F13406 /* Info.plist */ = {isa = PBXFileReference; lastKnownFileType = text.plist.xml; path = Info.plist; sourceTree = "<group>"; };
		3DE518B419C65F6600F13406 /* AppDelegate.swift */ = {isa = PBXFileReference; lastKnownFileType = sourcecode.swift; path = AppDelegate.swift; sourceTree = "<group>"; };
		3DE518B619C65F6600F13406 /* ViewController.swift */ = {isa = PBXFileReference; lastKnownFileType = sourcecode.swift; path = ViewController.swift; sourceTree = "<group>"; };
		3DE518B919C65F6600F13406 /* Base */ = {isa = PBXFileReference; lastKnownFileType = file.storyboard; name = Base; path = Base.lproj/Main.storyboard; sourceTree = "<group>"; };
		3DE518BB19C65F6600F13406 /* Images.xcassets */ = {isa = PBXFileReference; lastKnownFileType = folder.assetcatalog; path = Images.xcassets; sourceTree = "<group>"; };
		3DE518BE19C65F6600F13406 /* Base */ = {isa = PBXFileReference; lastKnownFileType = file.xib; name = Base; path = Base.lproj/LaunchScreen.xib; sourceTree = "<group>"; };
		3DE518C419C65F6600F13406 /* TipCalculatorTests.xctest */ = {isa = PBXFileReference; explicitFileType = wrapper.cfbundle; includeInIndex = 0; path = TipCalculatorTests.xctest; sourceTree = BUILT_PRODUCTS_DIR; };
		3DE518C919C65F6600F13406 /* Info.plist */ = {isa = PBXFileReference; lastKnownFileType = text.plist.xml; path = Info.plist; sourceTree = "<group>"; };
		3DE518CA19C65F6600F13406 /* TipCalculatorTests.swift */ = {isa = PBXFileReference; lastKnownFileType = sourcecode.swift; path = TipCalculatorTests.swift; sourceTree = "<group>"; };
		3DE518D419C6657500F13406 /* ResultsViewController.swift */ = {isa = PBXFileReference; fileEncoding = 4; lastKnownFileType = sourcecode.swift; path = ResultsViewController.swift; sourceTree = "<group>"; };
/* End PBXFileReference section */

/* Begin PBXFrameworksBuildPhase section */
		3DE518AC19C65F6600F13406 /* Frameworks */ = {
			isa = PBXFrameworksBuildPhase;
			buildActionMask = 2147483647;
			files = (
			);
			runOnlyForDeploymentPostprocessing = 0;
		};
		3DE518C119C65F6600F13406 /* Frameworks */ = {
			isa = PBXFrameworksBuildPhase;
			buildActionMask = 2147483647;
			files = (
			);
			runOnlyForDeploymentPostprocessing = 0;
		};
/* End PBXFrameworksBuildPhase section */

/* Begin PBXGroup section */
		3DE518A619C65F6600F13406 = {
			isa = PBXGroup;
			children = (
				3DE518B119C65F6600F13406 /* TipCalculator */,
				3DE518C719C65F6600F13406 /* TipCalculatorTests */,
				3DE518B019C65F6600F13406 /* Products */,
			);
			sourceTree = "<group>";
		};
		3DE518B019C65F6600F13406 /* Products */ = {
			isa = PBXGroup;
			children = (
				3DE518AF19C65F6600F13406 /* TipCalculator.app */,
				3DE518C419C65F6600F13406 /* TipCalculatorTests.xctest */,
			);
			name = Products;
			sourceTree = "<group>";
		};
		3DE518B119C65F6600F13406 /* TipCalculator */ = {
			isa = PBXGroup;
			children = (
				3DE518B419C65F6600F13406 /* AppDelegate.swift */,
				3DE518B619C65F6600F13406 /* ViewController.swift */,
				3DE518D419C6657500F13406 /* ResultsViewController.swift */,
				3DE518B819C65F6600F13406 /* Main.storyboard */,
				3DE518BB19C65F6600F13406 /* Images.xcassets */,
				3DE518BD19C65F6600F13406 /* LaunchScreen.xib */,
				3DE518B219C65F6600F13406 /* Supporting Files */,
			);
			path = TipCalculator;
			sourceTree = "<group>";
		};
		3DE518B219C65F6600F13406 /* Supporting Files */ = {
			isa = PBXGroup;
			children = (
				3DE518B319C65F6600F13406 /* Info.plist */,
			);
			name = "Supporting Files";
			sourceTree = "<group>";
		};
		3DE518C719C65F6600F13406 /* TipCalculatorTests */ = {
			isa = PBXGroup;
			children = (
				3DE518CA19C65F6600F13406 /* TipCalculatorTests.swift */,
				3DE518C819C65F6600F13406 /* Supporting Files */,
			);
			path = TipCalculatorTests;
			sourceTree = "<group>";
		};
		3DE518C819C65F6600F13406 /* Supporting Files */ = {
			isa = PBXGroup;
			children = (
				3DE518C919C65F6600F13406 /* Info.plist */,
			);
			name = "Supporting Files";
			sourceTree = "<group>";
		};
/* End PBXGroup section */

/* Begin PBXNativeTarget section */
		3DE518AE19C65F6600F13406 /* TipCalculator */ = {
			isa = PBXNativeTarget;
			buildConfigurationList = 3DE518CE19C65F6600F13406 /* Build configuration list for PBXNativeTarget "TipCalculator" */;
			buildPhases = (
				3DE518AB19C65F6600F13406 /* Sources */,
				3DE518AC19C65F6600F13406 /* Frameworks */,
				3DE518AD19C65F6600F13406 /* Resources */,
			);
			buildRules = (
			);
			dependencies = (
			);
			name = TipCalculator;
			productName = TipCalculator;
			productReference = 3DE518AF19C65F6600F13406 /* TipCalculator.app */;
			productType = "com.apple.product-type.application";
		};
		3DE518C319C65F6600F13406 /* TipCalculatorTests */ = {
			isa = PBXNativeTarget;
			buildConfigurationList = 3DE518D119C65F6600F13406 /* Build configuration list for PBXNativeTarget "TipCalculatorTests" */;
			buildPhases = (
				3DE518C019C65F6600F13406 /* Sources */,
				3DE518C119C65F6600F13406 /* Frameworks */,
				3DE518C219C65F6600F13406 /* Resources */,
			);
			buildRules = (
			);
			dependencies = (
				3DE518C619C65F6600F13406 /* PBXTargetDependency */,
			);
			name = TipCalculatorTests;
			productName = TipCalculatorTests;
			productReference = 3DE518C419C65F6600F13406 /* TipCalculatorTests.xctest */;
			productType = "com.apple.product-type.bundle.unit-test";
		};
/* End PBXNativeTarget section */

/* Begin PBXProject section */
		3DE518A719C65F6600F13406 /* Project object */ = {
			isa = PBXProject;
			attributes = {
				LastUpgradeCheck = 0600;
				ORGANIZATIONNAME = "Stanford University";
				TargetAttributes = {
					3DE518AE19C65F6600F13406 = {
						CreatedOnToolsVersion = 6.0;
					};
					3DE518C319C65F6600F13406 = {
						CreatedOnToolsVersion = 6.0;
						TestTargetID = 3DE518AE19C65F6600F13406;
					};
				};
			};
			buildConfigurationList = 3DE518AA19C65F6600F13406 /* Build configuration list for PBXProject "TipCalculator" */;
			compatibilityVersion = "Xcode 3.2";
			developmentRegion = English;
			hasScannedForEncodings = 0;
			knownRegions = (
				en,
				Base,
			);
			mainGroup = 3DE518A619C65F6600F13406;
			productRefGroup = 3DE518B019C65F6600F13406 /* Products */;
			projectDirPath = "";
			projectRoot = "";
			targets = (
				3DE518AE19C65F6600F13406 /* TipCalculator */,
				3DE518C319C65F6600F13406 /* TipCalculatorTests */,
			);
		};
/* End PBXProject section */

/* Begin PBXResourcesBuildPhase section */
		3DE518AD19C65F6600F13406 /* Resources */ = {
			isa = PBXResourcesBuildPhase;
			buildActionMask = 2147483647;
			files = (
				3DE518BA19C65F6600F13406 /* Main.storyboard in Resources */,
				3DE518BF19C65F6600F13406 /* LaunchScreen.xib in Resources */,
				3DE518BC19C65F6600F13406 /* Images.xcassets in Resources */,
			);
			runOnlyForDeploymentPostprocessing = 0;
		};
		3DE518C219C65F6600F13406 /* Resources */ = {
			isa = PBXResourcesBuildPhase;
			buildActionMask = 2147483647;
			files = (
			);
			runOnlyForDeploymentPostprocessing = 0;
		};
/* End PBXResourcesBuildPhase section */

/* Begin PBXSourcesBuildPhase section */
		3DE518AB19C65F6600F13406 /* Sources */ = {
			isa = PBXSourcesBuildPhase;
			buildActionMask = 2147483647;
			files = (
				3DE518B719C65F6600F13406 /* ViewController.swift in Sources */,
				3DE518B519C65F6600F13406 /* AppDelegate.swift in Sources */,
				3DE518D519C6657500F13406 /* ResultsViewController.swift in Sources */,
			);
			runOnlyForDeploymentPostprocessing = 0;
		};
		3DE518C019C65F6600F13406 /* Sources */ = {
			isa = PBXSourcesBuildPhase;
			buildActionMask = 2147483647;
			files = (
				3DE518CB19C65F6600F13406 /* TipCalculatorTests.swift in Sources */,
			);
			runOnlyForDeploymentPostprocessing = 0;
		};
/* End PBXSourcesBuildPhase section */

/* Begin PBXTargetDependency section */
		3DE518C619C65F6600F13406 /* PBXTargetDependency */ = {
			isa = PBXTargetDependency;
			target = 3DE518AE19C65F6600F13406 /* TipCalculator */;
			targetProxy = 3DE518C519C65F6600F13406 /* PBXContainerItemProxy */;
		};
/* End PBXTargetDependency section */

/* Begin PBXVariantGroup section */
		3DE518B819C65F6600F13406 /* Main.storyboard */ = {
			isa = PBXVariantGroup;
			children = (
				3DE518B919C65F6600F13406 /* Base */,
			);
			name = Main.storyboard;
			sourceTree = "<group>";
		};
		3DE518BD19C65F6600F13406 /* LaunchScreen.xib */ = {
			isa = PBXVariantGroup;
			children = (
				3DE518BE19C65F6600F13406 /* Base */,
			);
			name = LaunchScreen.xib;
			sourceTree = "<group>";
		};
/* End PBXVariantGroup section */

/* Begin XCBuildConfiguration section */
		3DE518CC19C65F6600F13406 /* Debug */ = {
			isa = XCBuildConfiguration;
			buildSettings = {
				ALWAYS_SEARCH_USER_PATHS = NO;
				CLANG_CXX_LANGUAGE_STANDARD = "gnu++0x";
				CLANG_CXX_LIBRARY = "libc++";
				CLANG_ENABLE_MODULES = YES;
				CLANG_ENABLE_OBJC_ARC = YES;
				CLANG_WARN_BOOL_CONVERSION = YES;
				CLANG_WARN_CONSTANT_CONVERSION = YES;
				CLANG_WARN_DIRECT_OBJC_ISA_USAGE = YES_ERROR;
				CLANG_WARN_EMPTY_BODY = YES;
				CLANG_WARN_ENUM_CONVERSION = YES;
				CLANG_WARN_INT_CONVERSION = YES;
				CLANG_WARN_OBJC_ROOT_CLASS = YES_ERROR;
				CLANG_WARN_UNREACHABLE_CODE = YES;
				CLANG_WARN__DUPLICATE_METHOD_MATCH = YES;
				"CODE_SIGN_IDENTITY[sdk=iphoneos*]" = "iPhone Developer";
				COPY_PHASE_STRIP = NO;
				ENABLE_STRICT_OBJC_MSGSEND = YES;
				GCC_C_LANGUAGE_STANDARD = gnu99;
				GCC_DYNAMIC_NO_PIC = NO;
				GCC_OPTIMIZATION_LEVEL = 0;
				GCC_PREPROCESSOR_DEFINITIONS = (
					"DEBUG=1",
					"$(inherited)",
				);
				GCC_SYMBOLS_PRIVATE_EXTERN = NO;
				GCC_WARN_64_TO_32_BIT_CONVERSION = YES;
				GCC_WARN_ABOUT_RETURN_TYPE = YES_ERROR;
				GCC_WARN_UNDECLARED_SELECTOR = YES;
				GCC_WARN_UNINITIALIZED_AUTOS = YES_AGGRESSIVE;
				GCC_WARN_UNUSED_FUNCTION = YES;
				GCC_WARN_UNUSED_VARIABLE = YES;
				IPHONEOS_DEPLOYMENT_TARGET = 8.0;
				MTL_ENABLE_DEBUG_INFO = YES;
				ONLY_ACTIVE_ARCH = YES;
				SDKROOT = iphoneos;
				SWIFT_OPTIMIZATION_LEVEL = "-Onone";
			};
			name = Debug;
		};
		3DE518CD19C65F6600F13406 /* Release */ = {
			isa = XCBuildConfiguration;
			buildSettings = {
				ALWAYS_SEARCH_USER_PATHS = NO;
				CLANG_CXX_LANGUAGE_STANDARD = "gnu++0x";
				CLANG_CXX_LIBRARY = "libc++";
				CLANG_ENABLE_MODULES = YES;
				CLANG_ENABLE_OBJC_ARC = YES;
				CLANG_WARN_BOOL_CONVERSION = YES;
				CLANG_WARN_CONSTANT_CONVERSION = YES;
				CLANG_WARN_DIRECT_OBJC_ISA_USAGE = YES_ERROR;
				CLANG_WARN_EMPTY_BODY = YES;
				CLANG_WARN_ENUM_CONVERSION = YES;
				CLANG_WARN_INT_CONVERSION = YES;
				CLANG_WARN_OBJC_ROOT_CLASS = YES_ERROR;
				CLANG_WARN_UNREACHABLE_CODE = YES;
				CLANG_WARN__DUPLICATE_METHOD_MATCH = YES;
				"CODE_SIGN_IDENTITY[sdk=iphoneos*]" = "iPhone Developer";
				COPY_PHASE_STRIP = YES;
				ENABLE_NS_ASSERTIONS = NO;
				ENABLE_STRICT_OBJC_MSGSEND = YES;
				GCC_C_LANGUAGE_STANDARD = gnu99;
				GCC_WARN_64_TO_32_BIT_CONVERSION = YES;
				GCC_WARN_ABOUT_RETURN_TYPE = YES_ERROR;
				GCC_WARN_UNDECLARED_SELECTOR = YES;
				GCC_WARN_UNINITIALIZED_AUTOS = YES_AGGRESSIVE;
				GCC_WARN_UNUSED_FUNCTION = YES;
				GCC_WARN_UNUSED_VARIABLE = YES;
				IPHONEOS_DEPLOYMENT_TARGET = 8.0;
				MTL_ENABLE_DEBUG_INFO = NO;
				SDKROOT = iphoneos;
				VALIDATE_PRODUCT = YES;
			};
			name = Release;
		};
		3DE518CF19C65F6600F13406 /* Debug */ = {
			isa = XCBuildConfiguration;
			buildSettings = {
				ASSETCATALOG_COMPILER_APPICON_NAME = AppIcon;
				INFOPLIST_FILE = TipCalculator/Info.plist;
				LD_RUNPATH_SEARCH_PATHS = "$(inherited) @executable_path/Frameworks";
				PRODUCT_NAME = "$(TARGET_NAME)";
			};
			name = Debug;
		};
		3DE518D019C65F6600F13406 /* Release */ = {
			isa = XCBuildConfiguration;
			buildSettings = {
				ASSETCATALOG_COMPILER_APPICON_NAME = AppIcon;
				INFOPLIST_FILE = TipCalculator/Info.plist;
				LD_RUNPATH_SEARCH_PATHS = "$(inherited) @executable_path/Frameworks";
				PRODUCT_NAME = "$(TARGET_NAME)";
			};
			name = Release;
		};
		3DE518D219C65F6600F13406 /* Debug */ = {
			isa = XCBuildConfiguration;
			buildSettings = {
				BUNDLE_LOADER = "$(TEST_HOST)";
				FRAMEWORK_SEARCH_PATHS = (
					"$(SDKROOT)/Developer/Library/Frameworks",
					"$(inherited)",
				);
				GCC_PREPROCESSOR_DEFINITIONS = (
					"DEBUG=1",
					"$(inherited)",
				);
				INFOPLIST_FILE = TipCalculatorTests/Info.plist;
				LD_RUNPATH_SEARCH_PATHS = "$(inherited) @executable_path/Frameworks @loader_path/Frameworks";
				PRODUCT_NAME = "$(TARGET_NAME)";
				TEST_HOST = "$(BUILT_PRODUCTS_DIR)/TipCalculator.app/TipCalculator";
			};
			name = Debug;
		};
		3DE518D319C65F6600F13406 /* Release */ = {
			isa = XCBuildConfiguration;
			buildSettings = {
				BUNDLE_LOADER = "$(TEST_HOST)";
				FRAMEWORK_SEARCH_PATHS = (
					"$(SDKROOT)/Developer/Library/Frameworks",
					"$(inherited)",
				);
				INFOPLIST_FILE = TipCalculatorTests/Info.plist;
				LD_RUNPATH_SEARCH_PATHS = "$(inherited) @executable_path/Frameworks @loader_path/Frameworks";
				PRODUCT_NAME = "$(TARGET_NAME)";
				TEST_HOST = "$(BUILT_PRODUCTS_DIR)/TipCalculator.app/TipCalculator";
			};
			name = Release;
		};
/* End XCBuildConfiguration section */

/* Begin XCConfigurationList section */
		3DE518AA19C65F6600F13406 /* Build configuration list for PBXProject "TipCalculator" */ = {
			isa = XCConfigurationList;
			buildConfigurations = (
				3DE518CC19C65F6600F13406 /* Debug */,
				3DE518CD19C65F6600F13406 /* Release */,
			);
			defaultConfigurationIsVisible = 0;
			defaultConfigurationName = Release;
		};
		3DE518CE19C65F6600F13406 /* Build configuration list for PBXNativeTarget "TipCalculator" */ = {
			isa = XCConfigurationList;
			buildConfigurations = (
				3DE518CF19C65F6600F13406 /* Debug */,
				3DE518D019C65F6600F13406 /* Release */,
			);
			defaultConfigurationIsVisible = 0;
		};
		3DE518D119C65F6600F13406 /* Build configuration list for PBXNativeTarget "TipCalculatorTests" */ = {
			isa = XCConfigurationList;
			buildConfigurations = (
				3DE518D219C65F6600F13406 /* Debug */,
				3DE518D319C65F6600F13406 /* Release */,
			);
			defaultConfigurationIsVisible = 0;
		};
/* End XCConfigurationList section */
	};
	rootObject = 3DE518A719C65F6600F13406 /* Project object */;
}
